
Microsoft Visual Studio Solution File, Format Version 11.00
# Visual Studio 2010
Project("{FAE04EC0-301F-11D3-BF4B-00C04F79EFBC}") = "Server", "c:\users\tchambon\documents\visual studio 2010\Projects\ConsoleApplication2\Server\Server.csproj", "{C737DC00-4256-4637-A334-708066231B04}"
EndProject
Project("{FAE04EC0-301F-11D3-BF4B-00C04F79EFBC}") = "Client", "c:\users\tchambon\documents\visual studio 2010\Projects\ConsoleApplication2\Client\Client.csproj", "{ADA0D267-A1F9-4AE4-82D2-17A02C49995A}"
EndProject
Project("{FAE04EC0-301F-11D3-BF4B-00C04F79EFBC}") = "Share", "c:\users\tchambon\documents\visual studio 2010\Projects\ConsoleApplication2\Share\Share.csproj", "{D2D9D2E7-84B9-4F60-B701-AB9DA93094DC}"
EndProject
Project("{FAE04EC0-301F-11D3-BF4B-00C04F79EFBC}") = "Admin", "c:\users\tchambon\documents\visual studio 2010\Projects\ConsoleApplication2\Admin\Admin.csproj", "{DAC61731-0F3A-4E09-B16F-2B5CAB2E01C8}"
EndProject
Project("{E24C65DC-7377-472B-9ABA-BC803B73C61A}") = "WebSite3", "C:\Users\tchambon\Documents\Visual Studio 2010\WebSites\WebSite3\", "{6AAB616F-3834-4A6F-AA9C-CA1868735A4D}"
	ProjectSection(WebsiteProperties) = preProject
		TargetFrameworkMoniker = ".NETFramework,Version%3Dv3.5"
		ProjectReferences = "{D2D9D2E7-84B9-4F60-B701-AB9DA93094DC}|Share.dll;"
		Debug.AspNetCompiler.VirtualPath = "/WebSite3"
		Debug.AspNetCompiler.PhysicalPath = "C:\Users\tchambon\Documents\Visual Studio 2010\WebSites\WebSite3\"
		Debug.AspNetCompiler.TargetPath = "PrecompiledWeb\WebSite3\"
		Debug.AspNetCompiler.Updateable = "true"
		Debug.AspNetCompiler.ForceOverwrite = "true"
		Debug.AspNetCompiler.FixedNames = "false"
		Debug.AspNetCompiler.Debug = "True"
		Release.AspNetCompiler.VirtualPath = "/WebSite3"
		Release.AspNetCompiler.PhysicalPath = "C:\Users\tchambon\Documents\Visual Studio 2010\WebSites\WebSite3\"
		Release.AspNetCompiler.TargetPath = "PrecompiledWeb\WebSite3\"
		Release.AspNetCompiler.Updateable = "true"
		Release.AspNetCompiler.ForceOverwrite = "true"
		Release.AspNetCompiler.FixedNames = "false"
		Release.AspNetCompiler.Debug = "False"
		VWDPort = "49308"
		DefaultWebSiteLanguage = "Visual C#"
	EndProjectSection
EndProject
Project("{FAE04EC0-301F-11D3-BF4B-00C04F79EFBC}") = "ClientWeb", "ClientWeb\ClientWeb.csproj", "{FA7E6EB3-5314-43F6-A60A-6EE00211334E}"
EndProject
Global
	GlobalSection(SolutionConfigurationPlatforms) = preSolution
		Debug|Any CPU = Debug|Any CPU
		Debug|Mixed Platforms = Debug|Mixed Platforms
		Debug|x86 = Debug|x86
		Release|Any CPU = Release|Any CPU
		Release|Mixed Platforms = Release|Mixed Platforms
		Release|x86 = Release|x86
	EndGlobalSection
	GlobalSection(ProjectConfigurationPlatforms) = postSolution
		{C737DC00-4256-4637-A334-708066231B04}.Debug|Any CPU.ActiveCfg = Debug|x86
		{C737DC00-4256-4637-A334-708066231B04}.Debug|Mixed Platforms.ActiveCfg = Debug|x86
		{C737DC00-4256-4637-A334-708066231B04}.Debug|Mixed Platforms.Build.0 = Debug|x86
		{C737DC00-4256-4637-A334-708066231B04}.Debug|x86.ActiveCfg = Debug|x86
		{C737DC00-4256-4637-A334-708066231B04}.Debug|x86.Build.0 = Debug|x86
		{C737DC00-4256-4637-A334-708066231B04}.Release|Any CPU.ActiveCfg = Release|x86
		{C737DC00-4256-4637-A334-708066231B04}.Release|Mixed Platforms.ActiveCfg = Release|x86
		{C737DC00-4256-4637-A334-708066231B04}.Release|Mixed Platforms.Build.0 = Release|x86
		{C737DC00-4256-4637-A334-708066231B04}.Release|x86.ActiveCfg = Release|x86
		{C737DC00-4256-4637-A334-708066231B04}.Release|x86.Build.0 = Release|x86
		{ADA0D267-A1F9-4AE4-82D2-17A02C49995A}.Debug|Any CPU.ActiveCfg = Debug|x86
		{ADA0D267-A1F9-4AE4-82D2-17A02C49995A}.Debug|Mixed Platforms.ActiveCfg = Debug|x86
		{ADA0D267-A1F9-4AE4-82D2-17A02C49995A}.Debug|Mixed Platforms.Build.0 = Debug|x86
		{ADA0D267-A1F9-4AE4-82D2-17A02C49995A}.Debug|x86.ActiveCfg = Debug|x86
		{ADA0D267-A1F9-4AE4-82D2-17A02C49995A}.Debug|x86.Build.0 = Debug|x86
		{ADA0D267-A1F9-4AE4-82D2-17A02C49995A}.Release|Any CPU.ActiveCfg = Release|x86
		{ADA0D267-A1F9-4AE4-82D2-17A02C49995A}.Release|Mixed Platforms.ActiveCfg = Release|x86
		{ADA0D267-A1F9-4AE4-82D2-17A02C49995A}.Release|Mixed Platforms.Build.0 = Release|x86
		{ADA0D267-A1F9-4AE4-82D2-17A02C49995A}.Release|x86.ActiveCfg = Release|x86
		{ADA0D267-A1F9-4AE4-82D2-17A02C49995A}.Release|x86.Build.0 = Release|x86
		{D2D9D2E7-84B9-4F60-B701-AB9DA93094DC}.Debug|Any CPU.ActiveCfg = Debug|Any CPU
		{D2D9D2E7-84B9-4F60-B701-AB9DA93094DC}.Debug|Any CPU.Build.0 = Debug|Any CPU
		{D2D9D2E7-84B9-4F60-B701-AB9DA93094DC}.Debug|Mixed Platforms.ActiveCfg = Debug|Any CPU
		{D2D9D2E7-84B9-4F60-B701-AB9DA93094DC}.Debug|Mixed Platforms.Build.0 = Debug|Any CPU
		{D2D9D2E7-84B9-4F60-B701-AB9DA93094DC}.Debug|x86.ActiveCfg = Debug|Any CPU
		{D2D9D2E7-84B9-4F60-B701-AB9DA93094DC}.Release|Any CPU.ActiveCfg = Release|Any CPU
		{D2D9D2E7-84B9-4F60-B701-AB9DA93094DC}.Release|Any CPU.Build.0 = Release|Any CPU
		{D2D9D2E7-84B9-4F60-B701-AB9DA93094DC}.Release|Mixed Platforms.ActiveCfg = Release|Any CPU
		{D2D9D2E7-84B9-4F60-B701-AB9DA93094DC}.Release|Mixed Platforms.Build.0 = Release|Any CPU
		{D2D9D2E7-84B9-4F60-B701-AB9DA93094DC}.Release|x86.ActiveCfg = Release|Any CPU
		{DAC61731-0F3A-4E09-B16F-2B5CAB2E01C8}.Debug|Any CPU.ActiveCfg = Debug|x86
		{DAC61731-0F3A-4E09-B16F-2B5CAB2E01C8}.Debug|Mixed Platforms.ActiveCfg = Debug|x86
		{DAC61731-0F3A-4E09-B16F-2B5CAB2E01C8}.Debug|Mixed Platforms.Build.0 = Debug|x86
		{DAC61731-0F3A-4E09-B16F-2B5CAB2E01C8}.Debug|x86.ActiveCfg = Debug|x86
		{DAC61731-0F3A-4E09-B16F-2B5CAB2E01C8}.Debug|x86.Build.0 = Debug|x86
		{DAC61731-0F3A-4E09-B16F-2B5CAB2E01C8}.Release|Any CPU.ActiveCfg = Release|x86
		{DAC61731-0F3A-4E09-B16F-2B5CAB2E01C8}.Release|Mixed Platforms.ActiveCfg = Release|x86
		{DAC61731-0F3A-4E09-B16F-2B5CAB2E01C8}.Release|Mixed Platforms.Build.0 = Release|x86
		{DAC61731-0F3A-4E09-B16F-2B5CAB2E01C8}.Release|x86.ActiveCfg = Release|x86
		{DAC61731-0F3A-4E09-B16F-2B5CAB2E01C8}.Release|x86.Build.0 = Release|x86
		{6AAB616F-3834-4A6F-AA9C-CA1868735A4D}.Debug|Any CPU.ActiveCfg = Debug|Any CPU
		{6AAB616F-3834-4A6F-AA9C-CA1868735A4D}.Debug|Any CPU.Build.0 = Debug|Any CPU
		{6AAB616F-3834-4A6F-AA9C-CA1868735A4D}.Debug|Mixed Platforms.ActiveCfg = Debug|Any CPU
		{6AAB616F-3834-4A6F-AA9C-CA1868735A4D}.Debug|Mixed Platforms.Build.0 = Debug|Any CPU
		{6AAB616F-3834-4A6F-AA9C-CA1868735A4D}.Debug|x86.ActiveCfg = Debug|Any CPU
		{6AAB616F-3834-4A6F-AA9C-CA1868735A4D}.Release|Any CPU.ActiveCfg = Debug|Any CPU
		{6AAB616F-3834-4A6F-AA9C-CA1868735A4D}.Release|Any CPU.Build.0 = Debug|Any CPU
		{6AAB616F-3834-4A6F-AA9C-CA1868735A4D}.Release|Mixed Platforms.ActiveCfg = Debug|Any CPU
		{6AAB616F-3834-4A6F-AA9C-CA1868735A4D}.Release|Mixed Platforms.Build.0 = Debug|Any CPU
		{6AAB616F-3834-4A6F-AA9C-CA1868735A4D}.Release|x86.ActiveCfg = Debug|Any CPU
		{FA7E6EB3-5314-43F6-A60A-6EE00211334E}.Debug|Any CPU.ActiveCfg = Debug|x86
		{FA7E6EB3-5314-43F6-A60A-6EE00211334E}.Debug|Mixed Platforms.ActiveCfg = Debug|x86
		{FA7E6EB3-5314-43F6-A60A-6EE00211334E}.Debug|Mixed Platforms.Build.0 = Debug|x86
		{FA7E6EB3-5314-43F6-A60A-6EE00211334E}.Debug|x86.ActiveCfg = Debug|x86
		{FA7E6EB3-5314-43F6-A60A-6EE00211334E}.Debug|x86.Build.0 = Debug|x86
		{FA7E6EB3-5314-43F6-A60A-6EE00211334E}.Release|Any CPU.ActiveCfg = Release|x86
		{FA7E6EB3-5314-43F6-A60A-6EE00211334E}.Release|Mixed Platforms.ActiveCfg = Release|x86
		{FA7E6EB3-5314-43F6-A60A-6EE00211334E}.Release|Mixed Platforms.Build.0 = Release|x86
		{FA7E6EB3-5314-43F6-A60A-6EE00211334E}.Release|x86.ActiveCfg = Release|x86
		{FA7E6EB3-5314-43F6-A60A-6EE00211334E}.Release|x86.Build.0 = Release|x86
	EndGlobalSection
	GlobalSection(SolutionProperties) = preSolution
		HideSolutionNode = FALSE
	EndGlobalSection
EndGlobal
